// !$*UTF8*$!
{
	archiveVersion = 1;
	classes = {
	};
	objectVersion = 46;
	objects = {

/* Begin PBXBuildFile section */
		75F12F951BADA86D00DFC7E1 /* main.m in Sources */ = {isa = PBXBuildFile; fileRef = 75F12F941BADA86D00DFC7E1 /* main.m */; };
		75F12F981BADA86D00DFC7E1 /* AppDelegate.m in Sources */ = {isa = PBXBuildFile; fileRef = 75F12F971BADA86D00DFC7E1 /* AppDelegate.m */; };
		75F12F9B1BADA86D00DFC7E1 /* ViewController.m in Sources */ = {isa = PBXBuildFile; fileRef = 75F12F9A1BADA86D00DFC7E1 /* ViewController.m */; };
		75F12F9E1BADA86D00DFC7E1 /* Main.storyboard in Resources */ = {isa = PBXBuildFile; fileRef = 75F12F9C1BADA86D00DFC7E1 /* Main.storyboard */; };
		75F12FA01BADA86D00DFC7E1 /* Assets.xcassets in Resources */ = {isa = PBXBuildFile; fileRef = 75F12F9F1BADA86D00DFC7E1 /* Assets.xcassets */; };
		75F12FA31BADA86D00DFC7E1 /* LaunchScreen.storyboard in Resources */ = {isa = PBXBuildFile; fileRef = 75F12FA11BADA86D00DFC7E1 /* LaunchScreen.storyboard */; };
		75F12FAE1BADA86E00DFC7E1 /* PruebaTests.m in Sources */ = {isa = PBXBuildFile; fileRef = 75F12FAD1BADA86E00DFC7E1 /* PruebaTests.m */; };
		75F12FB91BADA86E00DFC7E1 /* PruebaUITests.m in Sources */ = {isa = PBXBuildFile; fileRef = 75F12FB81BADA86E00DFC7E1 /* PruebaUITests.m */; };
/* End PBXBuildFile section */

/* Begin PBXContainerItemProxy section */
		75F12FAA1BADA86E00DFC7E1 /* PBXContainerItemProxy */ = {
			isa = PBXContainerItemProxy;
			containerPortal = 75F12F881BADA86D00DFC7E1 /* Project object */;
			proxyType = 1;
			remoteGlobalIDString = 75F12F8F1BADA86D00DFC7E1;
			remoteInfo = Prueba;
		};
		75F12FB51BADA86E00DFC7E1 /* PBXContainerItemProxy */ = {
			isa = PBXContainerItemProxy;
			containerPortal = 75F12F881BADA86D00DFC7E1 /* Project object */;
			proxyType = 1;
			remoteGlobalIDString = 75F12F8F1BADA86D00DFC7E1;
			remoteInfo = Prueba;
		};
/* End PBXContainerItemProxy section */

/* Begin PBXFileReference section */
		75F12F901BADA86D00DFC7E1 /* Prueba.app */ = {isa = PBXFileReference; explicitFileType = wrapper.application; includeInIndex = 0; path = Prueba.app; sourceTree = BUILT_PRODUCTS_DIR; };
		75F12F941BADA86D00DFC7E1 /* main.m */ = {isa = PBXFileReference; lastKnownFileType = sourcecode.c.objc; path = main.m; sourceTree = "<group>"; };
		75F12F961BADA86D00DFC7E1 /* AppDelegate.h */ = {isa = PBXFileReference; lastKnownFileType = sourcecode.c.h; path = AppDelegate.h; sourceTree = "<group>"; };
		75F12F971BADA86D00DFC7E1 /* AppDelegate.m */ = {isa = PBXFileReference; lastKnownFileType = sourcecode.c.objc; path = AppDelegate.m; sourceTree = "<group>"; };
		75F12F991BADA86D00DFC7E1 /* ViewController.h */ = {isa = PBXFileReference; lastKnownFileType = sourcecode.c.h; path = ViewController.h; sourceTree = "<group>"; };
		75F12F9A1BADA86D00DFC7E1 /* ViewController.m */ = {isa = PBXFileReference; lastKnownFileType = sourcecode.c.objc; path = ViewController.m; sourceTree = "<group>"; };
		75F12F9D1BADA86D00DFC7E1 /* Base */ = {isa = PBXFileReference; lastKnownFileType = file.storyboard; name = Base; path = Base.lproj/Main.storyboard; sourceTree = "<group>"; };
		75F12F9F1BADA86D00DFC7E1 /* Assets.xcassets */ = {isa = PBXFileReference; lastKnownFileType = folder.assetcatalog; path = Assets.xcassets; sourceTree = "<group>"; };
		75F12FA21BADA86D00DFC7E1 /* Base */ = {isa = PBXFileReference; lastKnownFileType = file.storyboard; name = Base; path = Base.lproj/LaunchScreen.storyboard; sourceTree = "<group>"; };
		75F12FA41BADA86D00DFC7E1 /* Info.plist */ = {isa = PBXFileReference; lastKnownFileType = text.plist.xml; path = Info.plist; sourceTree = "<group>"; };
		75F12FA91BADA86E00DFC7E1 /* PruebaTests.xctest */ = {isa = PBXFileReference; explicitFileType = wrapper.cfbundle; includeInIndex = 0; path = PruebaTests.xctest; sourceTree = BUILT_PRODUCTS_DIR; };
		75F12FAD1BADA86E00DFC7E1 /* PruebaTests.m */ = {isa = PBXFileReference; lastKnownFileType = sourcecode.c.objc; path = PruebaTests.m; sourceTree = "<group>"; };
		75F12FAF1BADA86E00DFC7E1 /* Info.plist */ = {isa = PBXFileReference; lastKnownFileType = text.plist.xml; path = Info.plist; sourceTree = "<group>"; };
		75F12FB41BADA86E00DFC7E1 /* PruebaUITests.xctest */ = {isa = PBXFileReference; explicitFileType = wrapper.cfbundle; includeInIndex = 0; path = PruebaUITests.xctest; sourceTree = BUILT_PRODUCTS_DIR; };
		75F12FB81BADA86E00DFC7E1 /* PruebaUITests.m */ = {isa = PBXFileReference; lastKnownFileType = sourcecode.c.objc; path = PruebaUITests.m; sourceTree = "<group>"; };
		75F12FBA1BADA86E00DFC7E1 /* Info.plist */ = {isa = PBXFileReference; lastKnownFileType = text.plist.xml; path = Info.plist; sourceTree = "<group>"; };
/* End PBXFileReference section */

/* Begin PBXFrameworksBuildPhase section */
		75F12F8D1BADA86D00DFC7E1 /* Frameworks */ = {
			isa = PBXFrameworksBuildPhase;
			buildActionMask = 2147483647;
			files = (
			);
			runOnlyForDeploymentPostprocessing = 0;
		};
		75F12FA61BADA86E00DFC7E1 /* Frameworks */ = {
			isa = PBXFrameworksBuildPhase;
			buildActionMask = 2147483647;
			files = (
			);
			runOnlyForDeploymentPostprocessing = 0;
		};
		75F12FB11BADA86E00DFC7E1 /* Frameworks */ = {
			isa = PBXFrameworksBuildPhase;
			buildActionMask = 2147483647;
			files = (
			);
			runOnlyForDeploymentPostprocessing = 0;
		};
/* End PBXFrameworksBuildPhase section */

/* Begin PBXGroup section */
		75F12F871BADA86D00DFC7E1 = {
			isa = PBXGroup;
			children = (
				75F12F921BADA86D00DFC7E1 /* Prueba */,
				75F12FAC1BADA86E00DFC7E1 /* PruebaTests */,
				75F12FB71BADA86E00DFC7E1 /* PruebaUITests */,
				75F12F911BADA86D00DFC7E1 /* Products */,
			);
			sourceTree = "<group>";
		};
		75F12F911BADA86D00DFC7E1 /* Products */ = {
			isa = PBXGroup;
			children = (
				75F12F901BADA86D00DFC7E1 /* Prueba.app */,
				75F12FA91BADA86E00DFC7E1 /* PruebaTests.xctest */,
				75F12FB41BADA86E00DFC7E1 /* PruebaUITests.xctest */,
			);
			name = Products;
			sourceTree = "<group>";
		};
		75F12F921BADA86D00DFC7E1 /* Prueba */ = {
			isa = PBXGroup;
			children = (
				75F12F961BADA86D00DFC7E1 /* AppDelegate.h */,
				75F12F971BADA86D00DFC7E1 /* AppDelegate.m */,
				75F12F991BADA86D00DFC7E1 /* ViewController.h */,
				75F12F9A1BADA86D00DFC7E1 /* ViewController.m */,
				75F12F9C1BADA86D00DFC7E1 /* Main.storyboard */,
				75F12F9F1BADA86D00DFC7E1 /* Assets.xcassets */,
				75F12FA11BADA86D00DFC7E1 /* LaunchScreen.storyboard */,
				75F12FA41BADA86D00DFC7E1 /* Info.plist */,
				75F12F931BADA86D00DFC7E1 /* Supporting Files */,
			);
			path = Prueba;
			sourceTree = "<group>";
		};
		75F12F931BADA86D00DFC7E1 /* Supporting Files */ = {
			isa = PBXGroup;
			children = (
				75F12F941BADA86D00DFC7E1 /* main.m */,
			);
			name = "Supporting Files";
			sourceTree = "<group>";
		};
		75F12FAC1BADA86E00DFC7E1 /* PruebaTests */ = {
			isa = PBXGroup;
			children = (
				75F12FAD1BADA86E00DFC7E1 /* PruebaTests.m */,
				75F12FAF1BADA86E00DFC7E1 /* Info.plist */,
			);
			path = PruebaTests;
			sourceTree = "<group>";
		};
		75F12FB71BADA86E00DFC7E1 /* PruebaUITests */ = {
			isa = PBXGroup;
			children = (
				75F12FB81BADA86E00DFC7E1 /* PruebaUITests.m */,
				75F12FBA1BADA86E00DFC7E1 /* Info.plist */,
			);
			path = PruebaUITests;
			sourceTree = "<group>";
		};
/* End PBXGroup section */

/* Begin PBXNativeTarget section */
		75F12F8F1BADA86D00DFC7E1 /* Prueba */ = {
			isa = PBXNativeTarget;
			buildConfigurationList = 75F12FBD1BADA86E00DFC7E1 /* Build configuration list for PBXNativeTarget "Prueba" */;
			buildPhases = (
				75F12F8C1BADA86D00DFC7E1 /* Sources */,
				75F12F8D1BADA86D00DFC7E1 /* Frameworks */,
				75F12F8E1BADA86D00DFC7E1 /* Resources */,
			);
			buildRules = (
			);
			dependencies = (
			);
			name = Prueba;
			productName = Prueba;
			productReference = 75F12F901BADA86D00DFC7E1 /* Prueba.app */;
			productType = "com.apple.product-type.application";
		};
		75F12FA81BADA86E00DFC7E1 /* PruebaTests */ = {
			isa = PBXNativeTarget;
			buildConfigurationList = 75F12FC01BADA86E00DFC7E1 /* Build configuration list for PBXNativeTarget "PruebaTests" */;
			buildPhases = (
				75F12FA51BADA86E00DFC7E1 /* Sources */,
				75F12FA61BADA86E00DFC7E1 /* Frameworks */,
				75F12FA71BADA86E00DFC7E1 /* Resources */,
			);
			buildRules = (
			);
			dependencies = (
				75F12FAB1BADA86E00DFC7E1 /* PBXTargetDependency */,
			);
			name = PruebaTests;
			productName = PruebaTests;
			productReference = 75F12FA91BADA86E00DFC7E1 /* PruebaTests.xctest */;
			productType = "com.apple.product-type.bundle.unit-test";
		};
		75F12FB31BADA86E00DFC7E1 /* PruebaUITests */ = {
			isa = PBXNativeTarget;
			buildConfigurationList = 75F12FC31BADA86E00DFC7E1 /* Build configuration list for PBXNativeTarget "PruebaUITests" */;
			buildPhases = (
				75F12FB01BADA86E00DFC7E1 /* Sources */,
				75F12FB11BADA86E00DFC7E1 /* Frameworks */,
				75F12FB21BADA86E00DFC7E1 /* Resources */,
			);
			buildRules = (
			);
			dependencies = (
				75F12FB61BADA86E00DFC7E1 /* PBXTargetDependency */,
			);
			name = PruebaUITests;
			productName = PruebaUITests;
			productReference = 75F12FB41BADA86E00DFC7E1 /* PruebaUITests.xctest */;
			productType = "com.apple.product-type.bundle.ui-testing";
		};
/* End PBXNativeTarget section */

/* Begin PBXProject section */
		75F12F881BADA86D00DFC7E1 /* Project object */ = {
			isa = PBXProject;
			attributes = {
				LastUpgradeCheck = 0700;
				ORGANIZATIONNAME = SolidSoftware;
				TargetAttributes = {
					75F12F8F1BADA86D00DFC7E1 = {
						CreatedOnToolsVersion = 7.0;
						DevelopmentTeam = 3F2PC2CL7V;
					};
					75F12FA81BADA86E00DFC7E1 = {
						CreatedOnToolsVersion = 7.0;
						DevelopmentTeam = 3F2PC2CL7V;
						TestTargetID = 75F12F8F1BADA86D00DFC7E1;
					};
					75F12FB31BADA86E00DFC7E1 = {
						CreatedOnToolsVersion = 7.0;
						DevelopmentTeam = 3F2PC2CL7V;
						TestTargetID = 75F12F8F1BADA86D00DFC7E1;
					};
				};
			};
			buildConfigurationList = 75F12F8B1BADA86D00DFC7E1 /* Build configuration list for PBXProject "Prueba" */;
			compatibilityVersion = "Xcode 3.2";
			developmentRegion = English;
			hasScannedForEncodings = 0;
			knownRegions = (
				en,
				Base,
			);
			mainGroup = 75F12F871BADA86D00DFC7E1;
			productRefGroup = 75F12F911BADA86D00DFC7E1 /* Products */;
			projectDirPath = "";
			projectRoot = "";
			targets = (
				75F12F8F1BADA86D00DFC7E1 /* Prueba */,
				75F12FA81BADA86E00DFC7E1 /* PruebaTests */,
				75F12FB31BADA86E00DFC7E1 /* PruebaUITests */,
			);
		};
/* End PBXProject section */

/* Begin PBXResourcesBuildPhase section */
		75F12F8E1BADA86D00DFC7E1 /* Resources */ = {
			isa = PBXResourcesBuildPhase;
			buildActionMask = 2147483647;
			files = (
				75F12FA31BADA86D00DFC7E1 /* LaunchScreen.storyboard in Resources */,
				75F12FA01BADA86D00DFC7E1 /* Assets.xcassets in Resources */,
				75F12F9E1BADA86D00DFC7E1 /* Main.storyboard in Resources */,
			);
			runOnlyForDeploymentPostprocessing = 0;
		};
		75F12FA71BADA86E00DFC7E1 /* Resources */ = {
			isa = PBXResourcesBuildPhase;
			buildActionMask = 2147483647;
			files = (
			);
			runOnlyForDeploymentPostprocessing = 0;
		};
		75F12FB21BADA86E00DFC7E1 /* Resources */ = {
			isa = PBXResourcesBuildPhase;
			buildActionMask = 2147483647;
			files = (
			);
			runOnlyForDeploymentPostprocessing = 0;
		};
/* End PBXResourcesBuildPhase section */

/* Begin PBXSourcesBuildPhase section */
		75F12F8C1BADA86D00DFC7E1 /* Sources */ = {
			isa = PBXSourcesBuildPhase;
			buildActionMask = 2147483647;
			files = (
				75F12F9B1BADA86D00DFC7E1 /* ViewController.m in Sources */,
				75F12F981BADA86D00DFC7E1 /* AppDelegate.m in Sources */,
				75F12F951BADA86D00DFC7E1 /* main.m in Sources */,
			);
			runOnlyForDeploymentPostprocessing = 0;
		};
		75F12FA51BADA86E00DFC7E1 /* Sources */ = {
			isa = PBXSourcesBuildPhase;
			buildActionMask = 2147483647;
			files = (
				75F12FAE1BADA86E00DFC7E1 /* PruebaTests.m in Sources */,
			);
			runOnlyForDeploymentPostprocessing = 0;
		};
		75F12FB01BADA86E00DFC7E1 /* Sources */ = {
			isa = PBXSourcesBuildPhase;
			buildActionMask = 2147483647;
			files = (
				75F12FB91BADA86E00DFC7E1 /* PruebaUITests.m in Sources */,
			);
			runOnlyForDeploymentPostprocessing = 0;
		};
/* End PBXSourcesBuildPhase section */

/* Begin PBXTargetDependency section */
		75F12FAB1BADA86E00DFC7E1 /* PBXTargetDependency */ = {
			isa = PBXTargetDependency;
			target = 75F12F8F1BADA86D00DFC7E1 /* Prueba */;
			targetProxy = 75F12FAA1BADA86E00DFC7E1 /* PBXContainerItemProxy */;
		};
		75F12FB61BADA86E00DFC7E1 /* PBXTargetDependency */ = {
			isa = PBXTargetDependency;
			target = 75F12F8F1BADA86D00DFC7E1 /* Prueba */;
			targetProxy = 75F12FB51BADA86E00DFC7E1 /* PBXContainerItemProxy */;
		};
/* End PBXTargetDependency section */

/* Begin PBXVariantGroup section */
		75F12F9C1BADA86D00DFC7E1 /* Main.storyboard */ = {
			isa = PBXVariantGroup;
			children = (
				75F12F9D1BADA86D00DFC7E1 /* Base */,
			);
			name = Main.storyboard;
			sourceTree = "<group>";
		};
		75F12FA11BADA86D00DFC7E1 /* LaunchScreen.storyboard */ = {
			isa = PBXVariantGroup;
			children = (
				75F12FA21BADA86D00DFC7E1 /* Base */,
			);
			name = LaunchScreen.storyboard;
			sourceTree = "<group>";
		};
/* End PBXVariantGroup section */

/* Begin XCBuildConfiguration section */
		75F12FBB1BADA86E00DFC7E1 /* Debug */ = {
			isa = XCBuildConfiguration;
			buildSettings = {
				ALWAYS_SEARCH_USER_PATHS = NO;
				CLANG_CXX_LANGUAGE_STANDARD = "gnu++0x";
				CLANG_CXX_LIBRARY = "libc++";
				CLANG_ENABLE_MODULES = YES;
				CLANG_ENABLE_OBJC_ARC = YES;
				CLANG_WARN_BOOL_CONVERSION = YES;
				CLANG_WARN_CONSTANT_CONVERSION = YES;
				CLANG_WARN_DIRECT_OBJC_ISA_USAGE = YES_ERROR;
				CLANG_WARN_EMPTY_BODY = YES;
				CLANG_WARN_ENUM_CONVERSION = YES;
				CLANG_WARN_INT_CONVERSION = YES;
				CLANG_WARN_OBJC_ROOT_CLASS = YES_ERROR;
				CLANG_WARN_UNREACHABLE_CODE = YES;
				CLANG_WARN__DUPLICATE_METHOD_MATCH = YES;
				"CODE_SIGN_IDENTITY[sdk=iphoneos*]" = "iPhone Developer";
				COPY_PHASE_STRIP = NO;
				DEBUG_INFORMATION_FORMAT = dwarf;
				ENABLE_STRICT_OBJC_MSGSEND = YES;
				ENABLE_TESTABILITY = YES;
				GCC_C_LANGUAGE_STANDARD = gnu99;
				GCC_DYNAMIC_NO_PIC = NO;
				GCC_NO_COMMON_BLOCKS = YES;
				GCC_OPTIMIZATION_LEVEL = 0;
				GCC_PREPROCESSOR_DEFINITIONS = (
					"DEBUG=1",
					"$(inherited)",
				);
				GCC_WARN_64_TO_32_BIT_CONVERSION = YES;
				GCC_WARN_ABOUT_RETURN_TYPE = YES_ERROR;
				GCC_WARN_UNDECLARED_SELECTOR = YES;
				GCC_WARN_UNINITIALIZED_AUTOS = YES_AGGRESSIVE;
				GCC_WARN_UNUSED_FUNCTION = YES;
				GCC_WARN_UNUSED_VARIABLE = YES;
				IPHONEOS_DEPLOYMENT_TARGET = 9.0;
				MTL_ENABLE_DEBUG_INFO = YES;
				ONLY_ACTIVE_ARCH = YES;
				SDKROOT = iphoneos;
			};
			name = Debug;
		};
		75F12FBC1BADA86E00DFC7E1 /* Release */ = {
			isa = XCBuildConfiguration;
			buildSettings = {
				ALWAYS_SEARCH_USER_PATHS = NO;
				CLANG_CXX_LANGUAGE_STANDARD = "gnu++0x";
				CLANG_CXX_LIBRARY = "libc++";
				CLANG_ENABLE_MODULES = YES;
				CLANG_ENABLE_OBJC_ARC = YES;
				CLANG_WARN_BOOL_CONVERSION = YES;
				CLANG_WARN_CONSTANT_CONVERSION = YES;
				CLANG_WARN_DIRECT_OBJC_ISA_USAGE = YES_ERROR;
				CLANG_WARN_EMPTY_BODY = YES;
				CLANG_WARN_ENUM_CONVERSION = YES;
				CLANG_WARN_INT_CONVERSION = YES;
				CLANG_WARN_OBJC_ROOT_CLASS = YES_ERROR;
				CLANG_WARN_UNREACHABLE_CODE = YES;
				CLANG_WARN__DUPLICATE_METHOD_MATCH = YES;
				"CODE_SIGN_IDENTITY[sdk=iphoneos*]" = "iPhone Developer";
				COPY_PHASE_STRIP = NO;
				DEBUG_INFORMATION_FORMAT = "dwarf-with-dsym";
				ENABLE_NS_ASSERTIONS = NO;
				ENABLE_STRICT_OBJC_MSGSEND = YES;
				GCC_C_LANGUAGE_STANDARD = gnu99;
				GCC_NO_COMMON_BLOCKS = YES;
				GCC_WARN_64_TO_32_BIT_CONVERSION = YES;
				GCC_WARN_ABOUT_RETURN_TYPE = YES_ERROR;
				GCC_WARN_UNDECLARED_SELECTOR = YES;
				GCC_WARN_UNINITIALIZED_AUTOS = YES_AGGRESSIVE;
				GCC_WARN_UNUSED_FUNCTION = YES;
				GCC_WARN_UNUSED_VARIABLE = YES;
				IPHONEOS_DEPLOYMENT_TARGET = 9.0;
				MTL_ENABLE_DEBUG_INFO = NO;
				SDKROOT = iphoneos;
				VALIDATE_PRODUCT = YES;
			};
			name = Release;
		};
		75F12FBE1BADA86E00DFC7E1 /* Debug */ = {
			isa = XCBuildConfiguration;
			buildSettings = {
				ASSETCATALOG_COMPILER_APPICON_NAME = AppIcon;
				INFOPLIST_FILE = Prueba/Info.plist;
				LD_RUNPATH_SEARCH_PATHS = "$(inherited) @executable_path/Frameworks";
				PRODUCT_BUNDLE_IDENTIFIER = ni.com.solidsoftware.Prueba;
				PRODUCT_NAME = "$(TARGET_NAME)";
			};
			name = Debug;
		};
		75F12FBF1BADA86E00DFC7E1 /* Release */ = {
			isa = XCBuildConfiguration;
			buildSettings = {
				ASSETCATALOG_COMPILER_APPICON_NAME = AppIcon;
				INFOPLIST_FILE = Prueba/Info.plist;
				LD_RUNPATH_SEARCH_PATHS = "$(inherited) @executable_path/Frameworks";
				PRODUCT_BUNDLE_IDENTIFIER = ni.com.solidsoftware.Prueba;
				PRODUCT_NAME = "$(TARGET_NAME)";
			};
			name = Release;
		};
		75F12FC11BADA86E00DFC7E1 /* Debug */ = {
			isa = XCBuildConfiguration;
			buildSettings = {
				BUNDLE_LOADER = "$(TEST_HOST)";
				INFOPLIST_FILE = PruebaTests/Info.plist;
				LD_RUNPATH_SEARCH_PATHS = "$(inherited) @executable_path/Frameworks @loader_path/Frameworks";
				PRODUCT_BUNDLE_IDENTIFIER = ni.com.solidsoftware.PruebaTests;
				PRODUCT_NAME = "$(TARGET_NAME)";
				TEST_HOST = "$(BUILT_PRODUCTS_DIR)/Prueba.app/Prueba";
			};
			name = Debug;
		};
		75F12FC21BADA86E00DFC7E1 /* Release */ = {
			isa = XCBuildConfiguration;
			buildSettings = {
				BUNDLE_LOADER = "$(TEST_HOST)";
				INFOPLIST_FILE = PruebaTests/Info.plist;
				LD_RUNPATH_SEARCH_PATHS = "$(inherited) @executable_path/Frameworks @loader_path/Frameworks";
				PRODUCT_BUNDLE_IDENTIFIER = ni.com.solidsoftware.PruebaTests;
				PRODUCT_NAME = "$(TARGET_NAME)";
				TEST_HOST = "$(BUILT_PRODUCTS_DIR)/Prueba.app/Prueba";
			};
			name = Release;
		};
		75F12FC41BADA86E00DFC7E1 /* Debug */ = {
			isa = XCBuildConfiguration;
			buildSettings = {
				INFOPLIST_FILE = PruebaUITests/Info.plist;
				LD_RUNPATH_SEARCH_PATHS = "$(inherited) @executable_path/Frameworks @loader_path/Frameworks";
				PRODUCT_BUNDLE_IDENTIFIER = ni.com.solidsoftware.PruebaUITests;
				PRODUCT_NAME = "$(TARGET_NAME)";
				TEST_TARGET_NAME = Prueba;
				USES_XCTRUNNER = YES;
			};
			name = Debug;
		};
		75F12FC51BADA86E00DFC7E1 /* Release */ = {
			isa = XCBuildConfiguration;
			buildSettings = {
				INFOPLIST_FILE = PruebaUITests/Info.plist;
				LD_RUNPATH_SEARCH_PATHS = "$(inherited) @executable_path/Frameworks @loader_path/Frameworks";
				PRODUCT_BUNDLE_IDENTIFIER = ni.com.solidsoftware.PruebaUITests;
				PRODUCT_NAME = "$(TARGET_NAME)";
				TEST_TARGET_NAME = Prueba;
				USES_XCTRUNNER = YES;
			};
			name = Release;
		};
/* End XCBuildConfiguration section */

/* Begin XCConfigurationList section */
		75F12F8B1BADA86D00DFC7E1 /* Build configuration list for PBXProject "Prueba" */ = {
			isa = XCConfigurationList;
			buildConfigurations = (
				75F12FBB1BADA86E00DFC7E1 /* Debug */,
				75F12FBC1BADA86E00DFC7E1 /* Release */,
			);
			defaultConfigurationIsVisible = 0;
			defaultConfigurationName = Release;
		};
		75F12FBD1BADA86E00DFC7E1 /* Build configuration list for PBXNativeTarget "Prueba" */ = {
			isa = XCConfigurationList;
			buildConfigurations = (
				75F12FBE1BADA86E00DFC7E1 /* Debug */,
				75F12FBF1BADA86E00DFC7E1 /* Release */,
			);
			defaultConfigurationIsVisible = 0;
		};
		75F12FC01BADA86E00DFC7E1 /* Build configuration list for PBXNativeTarget "PruebaTests" */ = {
			isa = XCConfigurationList;
			buildConfigurations = (
				75F12FC11BADA86E00DFC7E1 /* Debug */,
				75F12FC21BADA86E00DFC7E1 /* Release */,
			);
			defaultConfigurationIsVisible = 0;
		};
		75F12FC31BADA86E00DFC7E1 /* Build configuration list for PBXNativeTarget "PruebaUITests" */ = {
			isa = XCConfigurationList;
			buildConfigurations = (
				75F12FC41BADA86E00DFC7E1 /* Debug */,
				75F12FC51BADA86E00DFC7E1 /* Release */,
			);
			defaultConfigurationIsVisible = 0;
		};
/* End XCConfigurationList section */
	};
	rootObject = 75F12F881BADA86D00DFC7E1 /* Project object */;
}
